
Microsoft Visual Studio Solution File, Format Version 12.00
# Visual Studio Version 17
VisualStudioVersion = 17.1.32210.238
MinimumVisualStudioVersion = 10.0.40219.1
Project("{9A19103F-16F7-4668-BE54-9A1E7A4F7556}") = "MakingHttpRequest", "MakingHttpRequest.csproj", "{441A36BB-B7DA-47BF-82C6-491EC8856EEA}"
EndProject
Global
	GlobalSection(SolutionConfigurationPlatforms) = preSolution
		Debug|Any CPU = Debug|Any CPU
		Release|Any CPU = Release|Any CPU
	EndGlobalSection
	GlobalSection(ProjectConfigurationPlatforms) = postSolution
		{441A36BB-B7DA-47BF-82C6-491EC8856EEA}.Debug|Any CPU.ActiveCfg = Debug|Any CPU
		{441A36BB-B7DA-47BF-82C6-491EC8856EEA}.Debug|Any CPU.Build.0 = Debug|Any CPU
		{441A36BB-B7DA-47BF-82C6-491EC8856EEA}.Release|Any CPU.ActiveCfg = Release|Any CPU
		{441A36BB-B7DA-47BF-82C6-491EC8856EEA}.Release|Any CPU.Build.0 = Release|Any CPU
	EndGlobalSection
	GlobalSection(SolutionProperties) = preSolution
		HideSolutionNode = FALSE
	EndGlobalSection
	GlobalSection(ExtensibilityGlobals) = postSolution
		SolutionGuid = {4CA99235-E9B8-4FE6-85FB-24188DE399E1}
	EndGlobalSection
EndGlobal
